
Microsoft Visual Studio Solution File, Format Version 12.00
# Visual Studio Version 16
VisualStudioVersion = 16.0.30413.136
MinimumVisualStudioVersion = 10.0.40219.1
Project("{FAE04EC0-301F-11D3-BF4B-00C04F79EFBC}") = "Supermercado.Web", "Supermercado.Web\Supermercado.Web.csproj", "{2819EFA7-12C3-4EF1-AC89-6744AEF515B3}"
EndProject
Project("{2150E333-8FDC-42A3-9474-1A3956D46DE8}") = "Dominio", "Dominio", "{B269BEC6-8A49-4253-9615-D3F88ADA3BA2}"
EndProject
Project("{FAE04EC0-301F-11D3-BF4B-00C04F79EFBC}") = "Supermercado.Dominio", "Supermercado.Dominio\Supermercado.Dominio.csproj", "{0D4E9AB4-5528-4847-9B7F-ADF6C15897D5}"
EndProject
Project("{2150E333-8FDC-42A3-9474-1A3956D46DE8}") = "Dados", "Dados", "{ED041178-1173-4935-8099-CC4BB4E77FCE}"
EndProject
Project("{FAE04EC0-301F-11D3-BF4B-00C04F79EFBC}") = "Supermercado.Dados.Entity", "Supermercado.Dados.Entity\Supermercado.Dados.Entity.csproj", "{B01908AC-53F7-475A-9EFD-A7F66949397A}"
EndProject
Project("{FAE04EC0-301F-11D3-BF4B-00C04F79EFBC}") = "Supermercado.Generica.Entity", "Supermercado.Generica.Entity\Supermercado.Generica.Entity.csproj", "{C55010F0-F4AE-4E17-A61A-81D95D9CF710}"
EndProject
Global
	GlobalSection(SolutionConfigurationPlatforms) = preSolution
		Debug|Any CPU = Debug|Any CPU
		Release|Any CPU = Release|Any CPU
	EndGlobalSection
	GlobalSection(ProjectConfigurationPlatforms) = postSolution
		{2819EFA7-12C3-4EF1-AC89-6744AEF515B3}.Debug|Any CPU.ActiveCfg = Debug|Any CPU
		{2819EFA7-12C3-4EF1-AC89-6744AEF515B3}.Debug|Any CPU.Build.0 = Debug|Any CPU
		{2819EFA7-12C3-4EF1-AC89-6744AEF515B3}.Release|Any CPU.ActiveCfg = Release|Any CPU
		{2819EFA7-12C3-4EF1-AC89-6744AEF515B3}.Release|Any CPU.Build.0 = Release|Any CPU
		{0D4E9AB4-5528-4847-9B7F-ADF6C15897D5}.Debug|Any CPU.ActiveCfg = Debug|Any CPU
		{0D4E9AB4-5528-4847-9B7F-ADF6C15897D5}.Debug|Any CPU.Build.0 = Debug|Any CPU
		{0D4E9AB4-5528-4847-9B7F-ADF6C15897D5}.Release|Any CPU.ActiveCfg = Release|Any CPU
		{0D4E9AB4-5528-4847-9B7F-ADF6C15897D5}.Release|Any CPU.Build.0 = Release|Any CPU
		{B01908AC-53F7-475A-9EFD-A7F66949397A}.Debug|Any CPU.ActiveCfg = Debug|Any CPU
		{B01908AC-53F7-475A-9EFD-A7F66949397A}.Debug|Any CPU.Build.0 = Debug|Any CPU
		{B01908AC-53F7-475A-9EFD-A7F66949397A}.Release|Any CPU.ActiveCfg = Release|Any CPU
		{B01908AC-53F7-475A-9EFD-A7F66949397A}.Release|Any CPU.Build.0 = Release|Any CPU
		{C55010F0-F4AE-4E17-A61A-81D95D9CF710}.Debug|Any CPU.ActiveCfg = Debug|Any CPU
		{C55010F0-F4AE-4E17-A61A-81D95D9CF710}.Debug|Any CPU.Build.0 = Debug|Any CPU
		{C55010F0-F4AE-4E17-A61A-81D95D9CF710}.Release|Any CPU.ActiveCfg = Release|Any CPU
		{C55010F0-F4AE-4E17-A61A-81D95D9CF710}.Release|Any CPU.Build.0 = Release|Any CPU
	EndGlobalSection
	GlobalSection(SolutionProperties) = preSolution
		HideSolutionNode = FALSE
	EndGlobalSection
	GlobalSection(NestedProjects) = preSolution
		{0D4E9AB4-5528-4847-9B7F-ADF6C15897D5} = {B269BEC6-8A49-4253-9615-D3F88ADA3BA2}
		{B01908AC-53F7-475A-9EFD-A7F66949397A} = {ED041178-1173-4935-8099-CC4BB4E77FCE}
		{C55010F0-F4AE-4E17-A61A-81D95D9CF710} = {ED041178-1173-4935-8099-CC4BB4E77FCE}
	EndGlobalSection
	GlobalSection(ExtensibilityGlobals) = postSolution
		SolutionGuid = {5FE23C83-28F1-4BFB-90EF-B04E0974E29D}
	EndGlobalSection
EndGlobal
